<?xml version="1.0" encoding="UTF-8" standalone="yes" ?>
<CodeBlocks_project_file>
	<FileVersion major="1" minor="6" />
	<Project>
		<Option title="App_Masajistas" />
		<Option pch_mode="2" />
		<Option compiler="gcc" />
		<Build>
			<Target title="Debug">
				<Option output="bin/Debug/App_Masajistas" prefix_auto="1" extension_auto="1" />
				<Option object_output="obj/Debug/" />
				<Option type="1" />
				<Option compiler="gcc" />
				<Compiler>
					<Add option="-g" />
					<Add directory="headers" />
				</Compiler>
			</Target>
			<Target title="Release">
				<Option output="bin/Release/App_Masajistas" prefix_auto="1" extension_auto="1" />
				<Option object_output="obj/Release/" />
				<Option type="1" />
				<Option compiler="gcc" />
				<Compiler>
					<Add option="-O2" />
				</Compiler>
				<Linker>
					<Add option="-s" />
				</Linker>
			</Target>
		</Build>
		<Compiler>
			<Add option="-Wall" />
			<Add option="-fexceptions" />
		</Compiler>
		<Unit filename="Menu.cpp" />
		<Unit filename="classes/Empresa.cpp" />
		<Unit filename="classes/Fecha.cpp" />
		<Unit filename="classes/Masajista.cpp" />
		<Unit filename="classes/Sede.cpp">
			<Option target="Debug" />
		</Unit>
		<Unit filename="classes/TipoServicio.cpp" />
		<Unit filename="classes/Validacion.cpp" />
		<Unit filename="files/EmpresaArchivo.cpp" />
		<Unit filename="files/MasajistaArchivo.cpp" />
		<Unit filename="files/SedeArchivo.cpp" />
		<Unit filename="files/TipoServicioArchivo.cpp" />
		<Unit filename="headers/Empresa.h" />
		<Unit filename="headers/EmpresaArchivo.h" />
		<Unit filename="headers/EmpresaManager.h" />
		<Unit filename="headers/Fecha.h" />
		<Unit filename="headers/Masajista.h" />
		<Unit filename="headers/MasajistaArchivo.h" />
		<Unit filename="headers/MasajistaManager.h" />
		<Unit filename="headers/Menu.h" />
		<Unit filename="headers/Sede.h" />
		<Unit filename="headers/SedeArchivo.h" />
		<Unit filename="headers/SedeManager.h" />
		<Unit filename="headers/TipoServicio.h" />
		<Unit filename="headers/TipoServicioArchivo.h" />
		<Unit filename="headers/TipoServicioManager.h" />
		<Unit filename="headers/Validacion.h" />
		<Unit filename="main.cpp" />
		<Unit filename="managers/EmpresaManager.cpp" />
		<Unit filename="managers/MasajistaManager.cpp" />
		<Unit filename="managers/SedeManager.cpp" />
		<Unit filename="managers/TipoServicioManager.cpp" />
		<Extensions />
	</Project>
</CodeBlocks_project_file>
